<?xml version="1.0" encoding="utf-8"?>
<Project ToolsVersion="4.0" xmlns="http://schemas.microsoft.com/developer/msbuild/2003">
  <ItemGroup>
    <Filter Include="Source Files">
      <UniqueIdentifier>{4FC737F1-C7A5-4376-A066-2A32D752A2FF}</UniqueIdentifier>
      <Extensions>cpp;c;cc;cxx;c++;cppm;ixx;def;odl;idl;hpj;bat;asm;asmx</Extensions>
    </Filter>
    <Filter Include="Header Files">
      <UniqueIdentifier>{93995380-89BD-4b04-88EB-625FBE52EBFB}</UniqueIdentifier>
      <Extensions>h;hh;hpp;hxx;h++;hm;inl;inc;ipp;xsd</Extensions>
    </Filter>
    <Filter Include="Resource Files">
      <UniqueIdentifier>{67DA6AB6-F800-4c08-8B7A-83BB121AAD01}</UniqueIdentifier>
      <Extensions>rc;ico;cur;bmp;dlg;rc2;rct;bin;rgs;gif;jpg;jpeg;jpe;resx;tiff;tif;png;wav;mfcribbon-ms</Extensions>
    </Filter>
    <Filter Include="Source Files\src">
      <UniqueIdentifier>{d874657b-6af7-4e41-be46-cec112cb5f8b}</UniqueIdentifier>
    </Filter>
    <Filter Include="Resource Files\shader">
      <UniqueIdentifier>{6f185ed1-6a75-4951-8142-67fa57da1991}</UniqueIdentifier>
    </Filter>
    <Filter Include="Resource Files\textures">
      <UniqueIdentifier>{c1d874c8-7264-4fbb-8b66-d2927902d142}</UniqueIdentifier>
    </Filter>
    <Filter Include="Resource Files\coordinate_systems">
      <UniqueIdentifier>{5711b834-a01f-42ce-a8fa-f7484346bd41}</UniqueIdentifier>
    </Filter>
    <Filter Include="Resource Files\light_shader">
      <UniqueIdentifier>{2c12a6bf-9d62-46b1-a266-a84693b4d1e4}</UniqueIdentifier>
    </Filter>
  </ItemGroup>
  <ItemGroup>
    <ClCompile Include="main.cpp">
      <Filter>Source Files\src</Filter>
    </ClCompile>
    <ClCompile Include="stb.cpp">
      <Filter>Source Files\src</Filter>
    </ClCompile>
    <ClCompile Include="src\glad.c">
      <Filter>Source Files\src</Filter>
    </ClCompile>
  </ItemGroup>
  <ItemGroup>
    <None Include="shader\5.1.transform.fs">
      <Filter>Resource Files\shader</Filter>
    </None>
    <None Include="shader\5.1.transform.vs">
      <Filter>Resource Files\shader</Filter>
    </None>
    <None Include="shader\6.3.coordinate_systems.fs">
      <Filter>Resource Files\coordinate_systems</Filter>
    </None>
    <None Include="shader\6.3.coordinate_systems.vs">
      <Filter>Resource Files\coordinate_systems</Filter>
    </None>
    <None Include="shader\1.colors.fs">
      <Filter>Resource Files\light_shader</Filter>
    </None>
    <None Include="shader\1.colors.vs">
      <Filter>Resource Files\light_shader</Filter>
    </None>
    <None Include="shader\1.light_cube.fs">
      <Filter>Resource Files\light_shader</Filter>
    </None>
    <None Include="shader\1.light_cube.vs">
      <Filter>Resource Files\light_shader</Filter>
    </None>
  </ItemGroup>
  <ItemGroup>
    <ClInclude Include="includes\learnopengl\camera.h">
      <Filter>Header Files</Filter>
    </ClInclude>
    <ClInclude Include="includes\learnopengl\filesystem.h">
      <Filter>Header Files</Filter>
    </ClInclude>
    <ClInclude Include="includes\learnopengl\root_directory.h">
      <Filter>Header Files</Filter>
    </ClInclude>
    <ClInclude Include="includes\learnopengl\shader_m.h">
      <Filter>Header Files</Filter>
    </ClInclude>
    <ClInclude Include="includes\learnopengl\shader_s.h">
      <Filter>Header Files</Filter>
    </ClInclude>
    <ClInclude Include="includes\stb\stb_image.h">
      <Filter>Header Files</Filter>
    </ClInclude>
  </ItemGroup>
  <ItemGroup>
    <Image Include="resources\textures\tiles.png">
      <Filter>Resource Files\textures</Filter>
    </Image>
    <Image Include="resources\textures\window.png">
      <Filter>Resource Files\textures</Filter>
    </Image>
    <Image Include="resources\textures\handle.png">
      <Filter>Resource Files\textures</Filter>
    </Image>
    <Image Include="resources\textures\toaster.png">
      <Filter>Resource Files\textures</Filter>
    </Image>
    <Image Include="resources\textures\soapBody.png">
      <Filter>Resource Files\textures</Filter>
    </Image>
    <Image Include="resources\textures\soapPump.png">
      <Filter>Resource Files\textures</Filter>
    </Image>
    <Image Include="resources\textures\soap.png">
      <Filter>Resource Files\textures</Filter>
    </Image>
    <Image Include="resources\textures\floor.png">
      <Filter>Resource Files\textures</Filter>
    </Image>
  </ItemGroup>
</Project>